<?xml version="1.0" encoding="utf-8"?>
<Project ToolsVersion="4.0" xmlns="http://schemas.microsoft.com/developer/msbuild/2003">
  <ItemGroup>
    <Filter Include="Source Files">
      <UniqueIdentifier>{4FC737F1-C7A5-4376-A066-2A32D752A2FF}</UniqueIdentifier>
      <Extensions>cpp;c;cc;cxx;def;odl;idl;hpj;bat;asm;asmx</Extensions>
    </Filter>
    <Filter Include="Header Files">
      <UniqueIdentifier>{93995380-89BD-4b04-88EB-625FBE52EBFB}</UniqueIdentifier>
      <Extensions>h;hpp;hxx;hm;inl;inc;xsd</Extensions>
    </Filter>
    <Filter Include="Resource Files">
      <UniqueIdentifier>{67DA6AB6-F800-4c08-8B7A-83BB121AAD01}</UniqueIdentifier>
      <Extensions>rc;ico;cur;bmp;dlg;rc2;rct;bin;rgs;gif;jpg;jpeg;jpe;resx;tiff;tif;png;wav;mfcribbon-ms</Extensions>
    </Filter>
  </ItemGroup>
  <ItemGroup>
    <None Include="ReadMe.txt" />
    <None Include="src\main\resources\ueye-nativelib.def">
      <Filter>Resource Files</Filter>
    </None>
  </ItemGroup>
  <ItemGroup>
    <ClInclude Include="src\main\include\uEyeRenderThread.h">
      <Filter>Header Files</Filter>
    </ClInclude>
    <ClInclude Include="src\main\include\FullscreenWnd.h">
      <Filter>Header Files</Filter>
    </ClInclude>
    <ClInclude Include="src\main\include\MonitorDC.h">
      <Filter>Header Files</Filter>
    </ClInclude>
    <ClInclude Include="src\main\include\Monitors.h">
      <Filter>Header Files</Filter>
    </ClInclude>
    <ClInclude Include="src\main\include\MonitorTest.h">
      <Filter>Header Files</Filter>
    </ClInclude>
    <ClInclude Include="src\main\include\MultiMonitor.h">
      <Filter>Header Files</Filter>
    </ClInclude>
    <ClInclude Include="src\main\include\Resource.h">
      <Filter>Header Files</Filter>
    </ClInclude>
    <ClInclude Include="src\main\include\stdafx.h">
      <Filter>Header Files</Filter>
    </ClInclude>
    <ClInclude Include="src\main\include\targetver.h">
      <Filter>Header Files</Filter>
    </ClInclude>
    <ClInclude Include="src\main\include\uEye.h">
      <Filter>Header Files</Filter>
    </ClInclude>
    <ClInclude Include="src\main\include\uEye_tools.h">
      <Filter>Header Files</Filter>
    </ClInclude>
    <ClInclude Include="src\main\include\uEyeCapturer.h">
      <Filter>Header Files</Filter>
    </ClInclude>
    <ClInclude Include="src\main\include\uEyeCapturerApi.h">
      <Filter>Header Files</Filter>
    </ClInclude>
  </ItemGroup>
  <ItemGroup>
    <ResourceCompile Include="src\main\resources\uEyeCapturer.rc">
      <Filter>Resource Files</Filter>
    </ResourceCompile>
  </ItemGroup>
  <ItemGroup>
    <ClCompile Include="src\main\c++\uEyeRenderThread.cpp">
      <Filter>Source Files</Filter>
    </ClCompile>
    <ClCompile Include="src\main\c++\FullscreenWnd.cpp">
      <Filter>Source Files</Filter>
    </ClCompile>
    <ClCompile Include="src\main\c++\MonitorDC.cpp">
      <Filter>Source Files</Filter>
    </ClCompile>
    <ClCompile Include="src\main\c++\Monitors.cpp">
      <Filter>Source Files</Filter>
    </ClCompile>
    <ClCompile Include="src\main\c++\Multimon.cpp">
      <Filter>Source Files</Filter>
    </ClCompile>
    <ClCompile Include="src\main\c++\MultiMonitor.cpp">
      <Filter>Source Files</Filter>
    </ClCompile>
    <ClCompile Include="src\main\c++\stdafx.cpp">
      <Filter>Source Files</Filter>
    </ClCompile>
    <ClCompile Include="src\main\c++\uEyeCapturer.cpp">
      <Filter>Source Files</Filter>
    </ClCompile>
    <ClCompile Include="src\main\c++\uEyeCapturerApi.cpp">
      <Filter>Source Files</Filter>
    </ClCompile>
  </ItemGroup>
</Project>